
Microsoft Visual Studio Solution File, Format Version 9.00
# Visual Studio 2005
Project("{FAE04EC0-301F-11D3-BF4B-00C04F79EFBC}") = "WindowsFA", "WindowsFA\WindowsFA.csproj", "{CA80AC68-CD4C-4D61-A9DD-CA7B3CFAC249}"
EndProject
Project("{54435603-DBB4-11D2-8724-00A0C9A8B90C}") = "SetupWindowsFA", "SetupWindowsFA\SetupWindowsFA.vdproj", "{F6C45D66-98C1-4893-9D71-F8AEC9C6C5E2}"
EndProject
Global
	GlobalSection(SolutionConfigurationPlatforms) = preSolution
		Debug|Any CPU = Debug|Any CPU
		Release|Any CPU = Release|Any CPU
	EndGlobalSection
	GlobalSection(ProjectConfigurationPlatforms) = postSolution
		{CA80AC68-CD4C-4D61-A9DD-CA7B3CFAC249}.Debug|Any CPU.ActiveCfg = Debug|Any CPU
		{CA80AC68-CD4C-4D61-A9DD-CA7B3CFAC249}.Debug|Any CPU.Build.0 = Debug|Any CPU
		{CA80AC68-CD4C-4D61-A9DD-CA7B3CFAC249}.Release|Any CPU.ActiveCfg = Release|Any CPU
		{CA80AC68-CD4C-4D61-A9DD-CA7B3CFAC249}.Release|Any CPU.Build.0 = Release|Any CPU
		{F6C45D66-98C1-4893-9D71-F8AEC9C6C5E2}.Debug|Any CPU.ActiveCfg = Debug
		{F6C45D66-98C1-4893-9D71-F8AEC9C6C5E2}.Release|Any CPU.ActiveCfg = Release
	EndGlobalSection
	GlobalSection(SolutionProperties) = preSolution
		HideSolutionNode = FALSE
	EndGlobalSection
EndGlobal
